# THIS IS AN AUTOGENERATED FILE. DO NOT EDIT THIS FILE DIRECTLY.
# yarn lockfile v1


"@designliquido/delegua-estatistica@0.0.5":
  version "0.0.5"
  resolved "https://registry.yarnpkg.com/@designliquido/delegua-estatistica/-/delegua-estatistica-0.0.5.tgz#d1b0a6353e2f194849bff7797b4dec23efc96d5e"
  integrity sha512-d5z7CQUuc0a2o0NaAGh9H2whs7TG4EVh8B31EbuPtKr6XVJNk0YiXNyPB8MEIUCkD7FpfslWiU2ytMK0u/3cqw==

"@designliquido/delegua-fisica@0.0.2":
  version "0.0.2"
  resolved "https://registry.yarnpkg.com/@designliquido/delegua-fisica/-/delegua-fisica-0.0.2.tgz#182423e733b376b2d2853cbede66af33917f9466"
  integrity sha512-7Sp+Vg7SBy/5M9vH7pXOw4udHIdGWThGxAtAWdBZBO9GzUjJGczfZi6+vJLj/pFfn/345l9ffN3rtSqYgbQM8w==

"@designliquido/delegua-json@^0.0.0":
  version "0.0.0"
  resolved "https://registry.yarnpkg.com/@designliquido/delegua-json/-/delegua-json-0.0.0.tgz#0864f84e572694e9b15b9517a08105af04f92c3d"
  integrity sha512-fwrAyEL/g9vF3w3SWZpWx2FIGc7i3QfY2i6txEWtq3snihdbHfGQejf2P6s1UJIDrRGXpTgP2dUTEpk6QZy9/A==

"@designliquido/delegua-matematica@0.2.0":
  version "0.2.0"
  resolved "https://registry.yarnpkg.com/@designliquido/delegua-matematica/-/delegua-matematica-0.2.0.tgz#a1f15318cf3efc28f31297f7ff2ea7174d68a66e"
  integrity sha512-QG10FBbo7i+wW50+8s9lASBzJ8MdgPPcbfpsxFSU+7PEDGTrOalPtT6WbdhbWpV/meKl6q1lP7isLkeiF40WCQ==

"@designliquido/delegua-node@0.15.10":
  version "0.15.10"
  resolved "https://registry.yarnpkg.com/@designliquido/delegua-node/-/delegua-node-0.15.10.tgz#4f37b8dcc0031fe9901e9f1d87ad226c67305197"
  integrity sha512-at7eOzmqckmzObhMSTekVER48ry4rN2Jc+pz7n6hvNzPPhdvKTdUUwnz9KUuAtGVq2VacUorz0ZjYEB7xZRAUg==
  dependencies:
    "@designliquido/delegua" "^0.15.10"
    chalk "4.1.2"
    commander "^9.4.1"

"@designliquido/delegua-tempo@0.0.1":
  version "0.0.1"
  resolved "https://registry.yarnpkg.com/@designliquido/delegua-tempo/-/delegua-tempo-0.0.1.tgz#964834d127354857cda1c388f5de9327735b6747"
  integrity sha512-/O1/eXlTXPTWSZGZ862i6uHHKCW0cmP6KnOV29zK4d4hgn03QjcNDeFKVC9L9vz3OJ6pPY0d/S8ANJkgBnnoaQ==

"@designliquido/delegua@^0.15.10":
  version "0.15.10"
  resolved "https://registry.yarnpkg.com/@designliquido/delegua/-/delegua-0.15.10.tgz#b80bb899bbf16795fe0138ad1711e0e26ed62b4d"
  integrity sha512-1fsun/L1E/pwik1nQ1aEDiGPS/9NvtZ5F6o2ImXzoPSKqKg4ucpeaxA6i3+cAtbeshIgN0fg93nzgmw+0b2itw==
  dependencies:
    antlr4ts "^0.5.0-alpha.4"
    browser-process-hrtime "^1.0.0"
    esprima "^4.0.1"

ansi-styles@^4.1.0:
  version "4.3.0"
  resolved "https://registry.yarnpkg.com/ansi-styles/-/ansi-styles-4.3.0.tgz#edd803628ae71c04c85ae7a0906edad34b648937"
  integrity sha512-zbB9rCJAT1rbjiVDb2hqKFHNYLxgtk8NURxZ3IZwD3F6NtxbXZQCnnSi1Lkx+IDohdPlFp222wVALIheZJQSEg==
  dependencies:
    color-convert "^2.0.1"

antlr4ts@^0.5.0-alpha.4:
  version "0.5.0-alpha.4"
  resolved "https://registry.yarnpkg.com/antlr4ts/-/antlr4ts-0.5.0-alpha.4.tgz#71702865a87478ed0b40c0709f422cf14d51652a"
  integrity sha512-WPQDt1B74OfPv/IMS2ekXAKkTZIHl88uMetg6q3OTqgFxZ/dxDXI0EWLyZid/1Pe6hTftyg5N7gel5wNAGxXyQ==

balanced-match@^1.0.0:
  version "1.0.2"
  resolved "https://registry.yarnpkg.com/balanced-match/-/balanced-match-1.0.2.tgz#e83e3a7e3f300b34cb9d87f615fa0cbf357690ee"
  integrity sha512-3oSeUO0TMV67hN1AmbXsK4yaqU7tjiHlbxRDZOpH0KW9+CeX4bRAaX0Anxt0tx2MrpRpWwQaPwIlISEJhYU5Pw==

brace-expansion@^2.0.1:
  version "2.0.1"
  resolved "https://registry.yarnpkg.com/brace-expansion/-/brace-expansion-2.0.1.tgz#1edc459e0f0c548486ecf9fc99f2221364b9a0ae"
  integrity sha512-XnAIvQ8eM+kC6aULx6wuQiwVsnzsi9d3WxzV3FpWTGA19F621kwdbsAcFKXgKUHZWsy+mY6iL1sHTxWEFCytDA==
  dependencies:
    balanced-match "^1.0.0"

browser-process-hrtime@^1.0.0:
  version "1.0.0"
  resolved "https://registry.yarnpkg.com/browser-process-hrtime/-/browser-process-hrtime-1.0.0.tgz#3c9b4b7d782c8121e56f10106d84c0d0ffc94626"
  integrity sha512-9o5UecI3GhkpM6DrXr69PblIuWxPKk9Y0jHBRhdocZ2y7YECBFCsHm79Pr3OyR2AvjhDkabFJaDJMYRazHgsow==

chalk@4.1.2:
  version "4.1.2"
  resolved "https://registry.yarnpkg.com/chalk/-/chalk-4.1.2.tgz#aac4e2b7734a740867aeb16bf02aad556a1e7a01"
  integrity sha512-oKnbhFyRIXpUuez8iBMmyEa4nbj4IOQyuhc/wy9kY7/WVPcwIO9VA668Pu8RkO7+0G76SLROeyw9CpQ061i4mA==
  dependencies:
    ansi-styles "^4.1.0"
    supports-color "^7.1.0"

color-convert@^2.0.1:
  version "2.0.1"
  resolved "https://registry.yarnpkg.com/color-convert/-/color-convert-2.0.1.tgz#72d3a68d598c9bdb3af2ad1e84f21d896abd4de3"
  integrity sha512-RRECPsj7iu/xb5oKYcsFHSppFNnsj/52OVTRKb4zP5onXwVF3zVmmToNcOfGC+CRDpfK/U584fMg38ZHCaElKQ==
  dependencies:
    color-name "~1.1.4"

color-name@~1.1.4:
  version "1.1.4"
  resolved "https://registry.yarnpkg.com/color-name/-/color-name-1.1.4.tgz#c2a09a87acbde69543de6f63fa3995c826c536a2"
  integrity sha512-dOy+3AuW3a2wNbZHIuMZpTcgjGuLU/uBL/ubcZF9OXbDo8ff4O8yVp5Bf0efS8uEoYo5q4Fx7dY9OgQGXgAsQA==

commander@^9.4.1:
  version "9.4.1"
  resolved "https://registry.yarnpkg.com/commander/-/commander-9.4.1.tgz#d1dd8f2ce6faf93147295c0df13c7c21141cfbdd"
  integrity sha512-5EEkTNyHNGFPD2H+c/dXXfQZYa/scCKasxWcXJaWnNJ99pnQN9Vnmqow+p+PlFPE63Q6mThaZws1T+HxfpgtPw==

esprima@^4.0.1:
  version "4.0.1"
  resolved "https://registry.yarnpkg.com/esprima/-/esprima-4.0.1.tgz#13b04cdb3e6c5d19df91ab6987a8695619b0aa71"
  integrity sha512-eGuFFw7Upda+g4p+QHvnW0RyTX/SVeJBDM/gCtMARO0cLuT2HcEKnTPvhjV6aGeqrCB/sbNop0Kszm0jsaWU4A==

fs.realpath@^1.0.0:
  version "1.0.0"
  resolved "https://registry.yarnpkg.com/fs.realpath/-/fs.realpath-1.0.0.tgz#1504ad2523158caa40db4a2787cb01411994ea4f"
  integrity sha512-OO0pH2lK6a0hZnAdau5ItzHPI6pUlvI7jMVnxUQRtw4owF2wk8lOSabtGDCTP4Ggrg2MbGnWO9X8K1t4+fGMDw==

glob@^9.2.0:
  version "9.3.2"
  resolved "https://registry.yarnpkg.com/glob/-/glob-9.3.2.tgz#8528522e003819e63d11c979b30896e0eaf52eda"
  integrity sha512-BTv/JhKXFEHsErMte/AnfiSv8yYOLLiyH2lTg8vn02O21zWFgHPTfxtgn1QRe7NRgggUhC8hacR2Re94svHqeA==
  dependencies:
    fs.realpath "^1.0.0"
    minimatch "^7.4.1"
    minipass "^4.2.4"
    path-scurry "^1.6.1"

has-flag@^4.0.0:
  version "4.0.0"
  resolved "https://registry.yarnpkg.com/has-flag/-/has-flag-4.0.0.tgz#944771fd9c81c81265c4d6941860da06bb59479b"
  integrity sha512-EykJT/Q1KjTWctppgIAgfSO0tKVuZUjhgMr17kqTumMl6Afv3EISleU7qZUzoXDFTAHTDC4NOoG/ZxU3EvlMPQ==

lru-cache@^7.14.1:
  version "7.18.3"
  resolved "https://registry.yarnpkg.com/lru-cache/-/lru-cache-7.18.3.tgz#f793896e0fd0e954a59dfdd82f0773808df6aa89"
  integrity sha512-jumlc0BIUrS3qJGgIkWZsyfAM7NCWiBcCDhnd+3NNM5KbBmLTgHVfWBcg6W+rLUsIpzpERPsvwUP7CckAQSOoA==

minimatch@^7.4.1:
  version "7.4.3"
  resolved "https://registry.yarnpkg.com/minimatch/-/minimatch-7.4.3.tgz#012cbf110a65134bb354ae9773b55256cdb045a2"
  integrity sha512-5UB4yYusDtkRPbRiy1cqZ1IpGNcJCGlEMG17RKzPddpyiPKoCdwohbED8g4QXT0ewCt8LTkQXuljsUfQ3FKM4A==
  dependencies:
    brace-expansion "^2.0.1"

minipass@^4.0.2, minipass@^4.2.4:
  version "4.2.5"
  resolved "https://registry.yarnpkg.com/minipass/-/minipass-4.2.5.tgz#9e0e5256f1e3513f8c34691dd68549e85b2c8ceb"
  integrity sha512-+yQl7SX3bIT83Lhb4BVorMAHVuqsskxRdlmO9kTpyukp8vsm2Sn/fUOV9xlnG8/a5JsypJzap21lz/y3FBMJ8Q==

path-scurry@^1.6.1:
  version "1.6.3"
  resolved "https://registry.yarnpkg.com/path-scurry/-/path-scurry-1.6.3.tgz#4eba7183d64ef88b63c7d330bddc3ba279dc6c40"
  integrity sha512-RAmB+n30SlN+HnNx6EbcpoDy9nwdpcGPnEKrJnu6GZoDWBdIjo1UQMVtW2ybtC7LC2oKLcMq8y5g8WnKLiod9g==
  dependencies:
    lru-cache "^7.14.1"
    minipass "^4.0.2"

rimraf@^4.0.4:
  version "4.4.1"
  resolved "https://registry.yarnpkg.com/rimraf/-/rimraf-4.4.1.tgz#bd33364f67021c5b79e93d7f4fa0568c7c21b755"
  integrity sha512-Gk8NlF062+T9CqNGn6h4tls3k6T1+/nXdOcSZVikNVtlRdYpA7wRJJMoXmuvOnLW844rPjdQ7JgXCYM6PPC/og==
  dependencies:
    glob "^9.2.0"

supports-color@^7.1.0:
  version "7.2.0"
  resolved "https://registry.yarnpkg.com/supports-color/-/supports-color-7.2.0.tgz#1b7dcdcb32b8138801b3e478ba6a51caa89648da"
  integrity sha512-qpCAvRl9stuOHveKsn7HncJRvv501qIacKzQlO/+Lwxc9+0q2wLyv4Dfvt80/DPn2pqOBsJdDiogXGR9+OvwRw==
  dependencies:
    has-flag "^4.0.0"
