# THIS IS AN AUTOGENERATED FILE. DO NOT EDIT THIS FILE DIRECTLY.
# yarn lockfile v1


"@designliquido/delegua-estatistica@0.0.5":
  version "0.0.5"
  resolved "https://registry.yarnpkg.com/@designliquido/delegua-estatistica/-/delegua-estatistica-0.0.5.tgz#d1b0a6353e2f194849bff7797b4dec23efc96d5e"
  integrity sha512-d5z7CQUuc0a2o0NaAGh9H2whs7TG4EVh8B31EbuPtKr6XVJNk0YiXNyPB8MEIUCkD7FpfslWiU2ytMK0u/3cqw==

"@designliquido/delegua-fisica@0.0.2":
  version "0.0.2"
  resolved "https://registry.yarnpkg.com/@designliquido/delegua-fisica/-/delegua-fisica-0.0.2.tgz#182423e733b376b2d2853cbede66af33917f9466"
  integrity sha512-7Sp+Vg7SBy/5M9vH7pXOw4udHIdGWThGxAtAWdBZBO9GzUjJGczfZi6+vJLj/pFfn/345l9ffN3rtSqYgbQM8w==

"@designliquido/delegua-json@^0.0.0":
  version "0.0.0"
  resolved "https://registry.yarnpkg.com/@designliquido/delegua-json/-/delegua-json-0.0.0.tgz#0864f84e572694e9b15b9517a08105af04f92c3d"
  integrity sha512-fwrAyEL/g9vF3w3SWZpWx2FIGc7i3QfY2i6txEWtq3snihdbHfGQejf2P6s1UJIDrRGXpTgP2dUTEpk6QZy9/A==

"@designliquido/delegua-matematica@0.2.0":
  version "0.2.0"
  resolved "https://registry.yarnpkg.com/@designliquido/delegua-matematica/-/delegua-matematica-0.2.0.tgz#a1f15318cf3efc28f31297f7ff2ea7174d68a66e"
  integrity sha512-QG10FBbo7i+wW50+8s9lASBzJ8MdgPPcbfpsxFSU+7PEDGTrOalPtT6WbdhbWpV/meKl6q1lP7isLkeiF40WCQ==

"@designliquido/delegua-node@0.7.0":
  version "0.7.0"
  resolved "https://registry.yarnpkg.com/@designliquido/delegua-node/-/delegua-node-0.7.0.tgz#01f1a25b4fa8a905396ac616c51e27dc5e373152"
  integrity sha512-KWNyIipgoWCgcyuh9pMWj6iNENKAdXx+qsfpJIBhbfvIWOrULtkLfyka99WG/jVGSNuFcle+D4no4ywPQA/CQA==
  dependencies:
    "@designliquido/delegua" "^0.14.7"
    chalk "4.1.2"
    commander "^9.4.1"

"@designliquido/delegua-tempo@0.0.1":
  version "0.0.1"
  resolved "https://registry.yarnpkg.com/@designliquido/delegua-tempo/-/delegua-tempo-0.0.1.tgz#964834d127354857cda1c388f5de9327735b6747"
  integrity sha512-/O1/eXlTXPTWSZGZ862i6uHHKCW0cmP6KnOV29zK4d4hgn03QjcNDeFKVC9L9vz3OJ6pPY0d/S8ANJkgBnnoaQ==

"@designliquido/delegua@^0.14.7":
  version "0.14.7"
  resolved "https://registry.yarnpkg.com/@designliquido/delegua/-/delegua-0.14.7.tgz#8a98fbd237ffa025b61064d1bd6fa66660919dc5"
  integrity sha512-ciJdypa1v031bq/c8gLom606K4yX5OcZcLIxJBAgO7uw0NOHngVPSzq5SKBCbjP+Sh2xT/SfGai0ci/GOuOA3w==
  dependencies:
    antlr4ts "^0.5.0-alpha.4"
    browser-process-hrtime "^1.0.0"
    esprima "^4.0.1"

ansi-styles@^4.1.0:
  version "4.3.0"
  resolved "https://registry.yarnpkg.com/ansi-styles/-/ansi-styles-4.3.0.tgz#edd803628ae71c04c85ae7a0906edad34b648937"
  integrity sha512-zbB9rCJAT1rbjiVDb2hqKFHNYLxgtk8NURxZ3IZwD3F6NtxbXZQCnnSi1Lkx+IDohdPlFp222wVALIheZJQSEg==
  dependencies:
    color-convert "^2.0.1"

antlr4ts@^0.5.0-alpha.4:
  version "0.5.0-alpha.4"
  resolved "https://registry.yarnpkg.com/antlr4ts/-/antlr4ts-0.5.0-alpha.4.tgz#71702865a87478ed0b40c0709f422cf14d51652a"
  integrity sha512-WPQDt1B74OfPv/IMS2ekXAKkTZIHl88uMetg6q3OTqgFxZ/dxDXI0EWLyZid/1Pe6hTftyg5N7gel5wNAGxXyQ==

browser-process-hrtime@^1.0.0:
  version "1.0.0"
  resolved "https://registry.yarnpkg.com/browser-process-hrtime/-/browser-process-hrtime-1.0.0.tgz#3c9b4b7d782c8121e56f10106d84c0d0ffc94626"
  integrity sha512-9o5UecI3GhkpM6DrXr69PblIuWxPKk9Y0jHBRhdocZ2y7YECBFCsHm79Pr3OyR2AvjhDkabFJaDJMYRazHgsow==

chalk@4.1.2:
  version "4.1.2"
  resolved "https://registry.yarnpkg.com/chalk/-/chalk-4.1.2.tgz#aac4e2b7734a740867aeb16bf02aad556a1e7a01"
  integrity sha512-oKnbhFyRIXpUuez8iBMmyEa4nbj4IOQyuhc/wy9kY7/WVPcwIO9VA668Pu8RkO7+0G76SLROeyw9CpQ061i4mA==
  dependencies:
    ansi-styles "^4.1.0"
    supports-color "^7.1.0"

color-convert@^2.0.1:
  version "2.0.1"
  resolved "https://registry.yarnpkg.com/color-convert/-/color-convert-2.0.1.tgz#72d3a68d598c9bdb3af2ad1e84f21d896abd4de3"
  integrity sha512-RRECPsj7iu/xb5oKYcsFHSppFNnsj/52OVTRKb4zP5onXwVF3zVmmToNcOfGC+CRDpfK/U584fMg38ZHCaElKQ==
  dependencies:
    color-name "~1.1.4"

color-name@~1.1.4:
  version "1.1.4"
  resolved "https://registry.yarnpkg.com/color-name/-/color-name-1.1.4.tgz#c2a09a87acbde69543de6f63fa3995c826c536a2"
  integrity sha512-dOy+3AuW3a2wNbZHIuMZpTcgjGuLU/uBL/ubcZF9OXbDo8ff4O8yVp5Bf0efS8uEoYo5q4Fx7dY9OgQGXgAsQA==

commander@^9.4.1:
  version "9.4.1"
  resolved "https://registry.yarnpkg.com/commander/-/commander-9.4.1.tgz#d1dd8f2ce6faf93147295c0df13c7c21141cfbdd"
  integrity sha512-5EEkTNyHNGFPD2H+c/dXXfQZYa/scCKasxWcXJaWnNJ99pnQN9Vnmqow+p+PlFPE63Q6mThaZws1T+HxfpgtPw==

esprima@^4.0.1:
  version "4.0.1"
  resolved "https://registry.yarnpkg.com/esprima/-/esprima-4.0.1.tgz#13b04cdb3e6c5d19df91ab6987a8695619b0aa71"
  integrity sha512-eGuFFw7Upda+g4p+QHvnW0RyTX/SVeJBDM/gCtMARO0cLuT2HcEKnTPvhjV6aGeqrCB/sbNop0Kszm0jsaWU4A==

has-flag@^4.0.0:
  version "4.0.0"
  resolved "https://registry.yarnpkg.com/has-flag/-/has-flag-4.0.0.tgz#944771fd9c81c81265c4d6941860da06bb59479b"
  integrity sha512-EykJT/Q1KjTWctppgIAgfSO0tKVuZUjhgMr17kqTumMl6Afv3EISleU7qZUzoXDFTAHTDC4NOoG/ZxU3EvlMPQ==

rimraf@^4.0.4:
  version "4.1.2"
  resolved "https://registry.yarnpkg.com/rimraf/-/rimraf-4.1.2.tgz#20dfbc98083bdfaa28b01183162885ef213dbf7c"
  integrity sha512-BlIbgFryTbw3Dz6hyoWFhKk+unCcHMSkZGrTFVAx2WmttdBSonsdtRlwiuTbDqTKr+UlXIUqJVS4QT5tUzGENQ==

supports-color@^7.1.0:
  version "7.2.0"
  resolved "https://registry.yarnpkg.com/supports-color/-/supports-color-7.2.0.tgz#1b7dcdcb32b8138801b3e478ba6a51caa89648da"
  integrity sha512-qpCAvRl9stuOHveKsn7HncJRvv501qIacKzQlO/+Lwxc9+0q2wLyv4Dfvt80/DPn2pqOBsJdDiogXGR9+OvwRw==
  dependencies:
    has-flag "^4.0.0"
